
Microsoft Visual Studio Solution File, Format Version 12.00
# Visual Studio Version 17
VisualStudioVersion = 17.8.34525.116
MinimumVisualStudioVersion = 10.0.40219.1
Project("{9A19103F-16F7-4668-BE54-9A1E7A4F7556}") = "IpProject", "IpProject\IpProject.csproj", "{EF963295-03F6-4909-BD85-8CC25D98F3BA}"
EndProject
Project("{9A19103F-16F7-4668-BE54-9A1E7A4F7556}") = "SocketClient", "SocketProject\SocketClient.csproj", "{C9ADCE3E-679F-43FC-AB39-8102395099D5}"
EndProject
Project("{9A19103F-16F7-4668-BE54-9A1E7A4F7556}") = "SocketServer", "SocketServer\SocketServer.csproj", "{BBCEDA6A-06F6-4EAE-9943-5C6A32BAE9FC}"
EndProject
Project("{9A19103F-16F7-4668-BE54-9A1E7A4F7556}") = "AsyncServer", "AsyncServer\AsyncServer.csproj", "{12A0AA1B-9BF2-4018-8434-C7D08C087E57}"
EndProject
Project("{9A19103F-16F7-4668-BE54-9A1E7A4F7556}") = "UDPSocket", "UDPSocket\UDPSocket.csproj", "{D4172D79-AAB6-485E-898E-F5EBFF280A9D}"
EndProject
Project("{FAE04EC0-301F-11D3-BF4B-00C04F79EFBC}") = "TCPServer", "TCPServer\TCPServer.csproj", "{22D7C4F2-AAC5-4239-9482-7F14A7F7980C}"
EndProject
Project("{FAE04EC0-301F-11D3-BF4B-00C04F79EFBC}") = "TCPClient", "TCPClient\TCPClient.csproj", "{EA82ED14-63D9-4852-A803-4DDB8A9B2AF8}"
EndProject
Global
	GlobalSection(SolutionConfigurationPlatforms) = preSolution
		Debug|Any CPU = Debug|Any CPU
		Release|Any CPU = Release|Any CPU
	EndGlobalSection
	GlobalSection(ProjectConfigurationPlatforms) = postSolution
		{EF963295-03F6-4909-BD85-8CC25D98F3BA}.Debug|Any CPU.ActiveCfg = Debug|Any CPU
		{EF963295-03F6-4909-BD85-8CC25D98F3BA}.Debug|Any CPU.Build.0 = Debug|Any CPU
		{EF963295-03F6-4909-BD85-8CC25D98F3BA}.Release|Any CPU.ActiveCfg = Release|Any CPU
		{EF963295-03F6-4909-BD85-8CC25D98F3BA}.Release|Any CPU.Build.0 = Release|Any CPU
		{C9ADCE3E-679F-43FC-AB39-8102395099D5}.Debug|Any CPU.ActiveCfg = Debug|Any CPU
		{C9ADCE3E-679F-43FC-AB39-8102395099D5}.Debug|Any CPU.Build.0 = Debug|Any CPU
		{C9ADCE3E-679F-43FC-AB39-8102395099D5}.Release|Any CPU.ActiveCfg = Release|Any CPU
		{C9ADCE3E-679F-43FC-AB39-8102395099D5}.Release|Any CPU.Build.0 = Release|Any CPU
		{BBCEDA6A-06F6-4EAE-9943-5C6A32BAE9FC}.Debug|Any CPU.ActiveCfg = Debug|Any CPU
		{BBCEDA6A-06F6-4EAE-9943-5C6A32BAE9FC}.Debug|Any CPU.Build.0 = Debug|Any CPU
		{BBCEDA6A-06F6-4EAE-9943-5C6A32BAE9FC}.Release|Any CPU.ActiveCfg = Release|Any CPU
		{BBCEDA6A-06F6-4EAE-9943-5C6A32BAE9FC}.Release|Any CPU.Build.0 = Release|Any CPU
		{12A0AA1B-9BF2-4018-8434-C7D08C087E57}.Debug|Any CPU.ActiveCfg = Debug|Any CPU
		{12A0AA1B-9BF2-4018-8434-C7D08C087E57}.Debug|Any CPU.Build.0 = Debug|Any CPU
		{12A0AA1B-9BF2-4018-8434-C7D08C087E57}.Release|Any CPU.ActiveCfg = Release|Any CPU
		{12A0AA1B-9BF2-4018-8434-C7D08C087E57}.Release|Any CPU.Build.0 = Release|Any CPU
		{D4172D79-AAB6-485E-898E-F5EBFF280A9D}.Debug|Any CPU.ActiveCfg = Debug|Any CPU
		{D4172D79-AAB6-485E-898E-F5EBFF280A9D}.Debug|Any CPU.Build.0 = Debug|Any CPU
		{D4172D79-AAB6-485E-898E-F5EBFF280A9D}.Release|Any CPU.ActiveCfg = Release|Any CPU
		{D4172D79-AAB6-485E-898E-F5EBFF280A9D}.Release|Any CPU.Build.0 = Release|Any CPU
		{22D7C4F2-AAC5-4239-9482-7F14A7F7980C}.Debug|Any CPU.ActiveCfg = Debug|Any CPU
		{22D7C4F2-AAC5-4239-9482-7F14A7F7980C}.Debug|Any CPU.Build.0 = Debug|Any CPU
		{22D7C4F2-AAC5-4239-9482-7F14A7F7980C}.Release|Any CPU.ActiveCfg = Release|Any CPU
		{22D7C4F2-AAC5-4239-9482-7F14A7F7980C}.Release|Any CPU.Build.0 = Release|Any CPU
		{EA82ED14-63D9-4852-A803-4DDB8A9B2AF8}.Debug|Any CPU.ActiveCfg = Debug|Any CPU
		{EA82ED14-63D9-4852-A803-4DDB8A9B2AF8}.Debug|Any CPU.Build.0 = Debug|Any CPU
		{EA82ED14-63D9-4852-A803-4DDB8A9B2AF8}.Release|Any CPU.ActiveCfg = Release|Any CPU
		{EA82ED14-63D9-4852-A803-4DDB8A9B2AF8}.Release|Any CPU.Build.0 = Release|Any CPU
	EndGlobalSection
	GlobalSection(SolutionProperties) = preSolution
		HideSolutionNode = FALSE
	EndGlobalSection
	GlobalSection(ExtensibilityGlobals) = postSolution
		SolutionGuid = {D60FF707-DC1B-4D8D-82E3-FAC41B143C41}
	EndGlobalSection
EndGlobal
